
Microsoft Visual Studio Solution File, Format Version 12.00
# Visual Studio Version 17
VisualStudioVersion = 17.13.35818.85 d17.13
MinimumVisualStudioVersion = 10.0.40219.1
Project("{FAE04EC0-301F-11D3-BF4B-00C04F79EFBC}") = "Final", "Final\Final.csproj", "{90A076CF-F1B4-466B-A117-EC51511369F7}"
EndProject
Global
	GlobalSection(SolutionConfigurationPlatforms) = preSolution
		Debug|Any CPU = Debug|Any CPU
		Release|Any CPU = Release|Any CPU
	EndGlobalSection
	GlobalSection(ProjectConfigurationPlatforms) = postSolution
		{90A076CF-F1B4-466B-A117-EC51511369F7}.Debug|Any CPU.ActiveCfg = Debug|Any CPU
		{90A076CF-F1B4-466B-A117-EC51511369F7}.Debug|Any CPU.Build.0 = Debug|Any CPU
		{90A076CF-F1B4-466B-A117-EC51511369F7}.Release|Any CPU.ActiveCfg = Release|Any CPU
		{90A076CF-F1B4-466B-A117-EC51511369F7}.Release|Any CPU.Build.0 = Release|Any CPU
	EndGlobalSection
	GlobalSection(SolutionProperties) = preSolution
		HideSolutionNode = FALSE
	EndGlobalSection
	GlobalSection(ExtensibilityGlobals) = postSolution
		SolutionGuid = {96D9257D-4579-49CA-B8CE-4055FEC491A8}
	EndGlobalSection
EndGlobal
